// !$*UTF8*$!
{
	archiveVersion = 1;
	classes = {
	};
	objectVersion = 50;
	objects = {

/* Begin PBXBuildFile section */
		29215B1F1D338A9682DA9FA1 /* Pods_E_Commerce_E_CommerceUITests.framework in Frameworks */ = {isa = PBXBuildFile; fileRef = A4E51DBDCFF5485611A3740E /* Pods_E_Commerce_E_CommerceUITests.framework */; };
		7A90AB1F2686AA1800625861 /* AppDelegate.swift in Sources */ = {isa = PBXBuildFile; fileRef = 7A90AB1E2686AA1800625861 /* AppDelegate.swift */; };
		7A90AB212686AA1800625861 /* SceneDelegate.swift in Sources */ = {isa = PBXBuildFile; fileRef = 7A90AB202686AA1800625861 /* SceneDelegate.swift */; };
		7A90AB232686AA1800625861 /* ViewController.swift in Sources */ = {isa = PBXBuildFile; fileRef = 7A90AB222686AA1800625861 /* ViewController.swift */; };
		7A90AB262686AA1800625861 /* Main.storyboard in Resources */ = {isa = PBXBuildFile; fileRef = 7A90AB242686AA1800625861 /* Main.storyboard */; };
		7A90AB292686AA1800625861 /* E_Commerce.xcdatamodeld in Sources */ = {isa = PBXBuildFile; fileRef = 7A90AB272686AA1800625861 /* E_Commerce.xcdatamodeld */; };
		7A90AB2B2686AA1900625861 /* Assets.xcassets in Resources */ = {isa = PBXBuildFile; fileRef = 7A90AB2A2686AA1900625861 /* Assets.xcassets */; };
		7A90AB2E2686AA1900625861 /* LaunchScreen.storyboard in Resources */ = {isa = PBXBuildFile; fileRef = 7A90AB2C2686AA1900625861 /* LaunchScreen.storyboard */; };
		7A90AB392686AA1900625861 /* E_CommerceTests.swift in Sources */ = {isa = PBXBuildFile; fileRef = 7A90AB382686AA1900625861 /* E_CommerceTests.swift */; };
		7A90AB442686AA1900625861 /* E_CommerceUITests.swift in Sources */ = {isa = PBXBuildFile; fileRef = 7A90AB432686AA1900625861 /* E_CommerceUITests.swift */; };
		7ABBFA7D2686ABDB009E43E4 /* .gitignore in Resources */ = {isa = PBXBuildFile; fileRef = 7ABBFA7C2686ABDB009E43E4 /* .gitignore */; };
		7ABBFA7F2686AC24009E43E4 /* README.md in Resources */ = {isa = PBXBuildFile; fileRef = 7ABBFA7E2686AC23009E43E4 /* README.md */; };
		8C87C3BCD8327A97F8BBD561 /* Pods_E_Commerce.framework in Frameworks */ = {isa = PBXBuildFile; fileRef = 85093D79419F991D06ECB496 /* Pods_E_Commerce.framework */; };
		BCB219184E1651F32D898E7A /* Pods_E_CommerceTests.framework in Frameworks */ = {isa = PBXBuildFile; fileRef = 77A6B53BB7061627BEE5D7EF /* Pods_E_CommerceTests.framework */; };
/* End PBXBuildFile section */

/* Begin PBXContainerItemProxy section */
		7A90AB352686AA1900625861 /* PBXContainerItemProxy */ = {
			isa = PBXContainerItemProxy;
			containerPortal = 7A90AB132686AA1800625861 /* Project object */;
			proxyType = 1;
			remoteGlobalIDString = 7A90AB1A2686AA1800625861;
			remoteInfo = "E-Commerce";
		};
		7A90AB402686AA1900625861 /* PBXContainerItemProxy */ = {
			isa = PBXContainerItemProxy;
			containerPortal = 7A90AB132686AA1800625861 /* Project object */;
			proxyType = 1;
			remoteGlobalIDString = 7A90AB1A2686AA1800625861;
			remoteInfo = "E-Commerce";
		};
/* End PBXContainerItemProxy section */

/* Begin PBXFileReference section */
		47EBCF40C7109D2990B5108C /* Pods-E-CommerceTests.debug.xcconfig */ = {isa = PBXFileReference; includeInIndex = 1; lastKnownFileType = text.xcconfig; name = "Pods-E-CommerceTests.debug.xcconfig"; path = "Target Support Files/Pods-E-CommerceTests/Pods-E-CommerceTests.debug.xcconfig"; sourceTree = "<group>"; };
		5971A02F0769A87166BAB5C7 /* Pods-E-Commerce.release.xcconfig */ = {isa = PBXFileReference; includeInIndex = 1; lastKnownFileType = text.xcconfig; name = "Pods-E-Commerce.release.xcconfig"; path = "Target Support Files/Pods-E-Commerce/Pods-E-Commerce.release.xcconfig"; sourceTree = "<group>"; };
		65591EDCBA1B5D8B403097F2 /* Pods-E-CommerceTests.release.xcconfig */ = {isa = PBXFileReference; includeInIndex = 1; lastKnownFileType = text.xcconfig; name = "Pods-E-CommerceTests.release.xcconfig"; path = "Target Support Files/Pods-E-CommerceTests/Pods-E-CommerceTests.release.xcconfig"; sourceTree = "<group>"; };
		77A6B53BB7061627BEE5D7EF /* Pods_E_CommerceTests.framework */ = {isa = PBXFileReference; explicitFileType = wrapper.framework; includeInIndex = 0; path = Pods_E_CommerceTests.framework; sourceTree = BUILT_PRODUCTS_DIR; };
		7A90AB1B2686AA1800625861 /* E-Commerce.app */ = {isa = PBXFileReference; explicitFileType = wrapper.application; includeInIndex = 0; path = "E-Commerce.app"; sourceTree = BUILT_PRODUCTS_DIR; };
		7A90AB1E2686AA1800625861 /* AppDelegate.swift */ = {isa = PBXFileReference; lastKnownFileType = sourcecode.swift; path = AppDelegate.swift; sourceTree = "<group>"; };
		7A90AB202686AA1800625861 /* SceneDelegate.swift */ = {isa = PBXFileReference; lastKnownFileType = sourcecode.swift; path = SceneDelegate.swift; sourceTree = "<group>"; };
		7A90AB222686AA1800625861 /* ViewController.swift */ = {isa = PBXFileReference; lastKnownFileType = sourcecode.swift; path = ViewController.swift; sourceTree = "<group>"; };
		7A90AB252686AA1800625861 /* Base */ = {isa = PBXFileReference; lastKnownFileType = file.storyboard; name = Base; path = Base.lproj/Main.storyboard; sourceTree = "<group>"; };
		7A90AB282686AA1800625861 /* E_Commerce.xcdatamodel */ = {isa = PBXFileReference; lastKnownFileType = wrapper.xcdatamodel; path = E_Commerce.xcdatamodel; sourceTree = "<group>"; };
		7A90AB2A2686AA1900625861 /* Assets.xcassets */ = {isa = PBXFileReference; lastKnownFileType = folder.assetcatalog; path = Assets.xcassets; sourceTree = "<group>"; };
		7A90AB2D2686AA1900625861 /* Base */ = {isa = PBXFileReference; lastKnownFileType = file.storyboard; name = Base; path = Base.lproj/LaunchScreen.storyboard; sourceTree = "<group>"; };
		7A90AB2F2686AA1900625861 /* Info.plist */ = {isa = PBXFileReference; lastKnownFileType = text.plist.xml; path = Info.plist; sourceTree = "<group>"; };
		7A90AB342686AA1900625861 /* E-CommerceTests.xctest */ = {isa = PBXFileReference; explicitFileType = wrapper.cfbundle; includeInIndex = 0; path = "E-CommerceTests.xctest"; sourceTree = BUILT_PRODUCTS_DIR; };
		7A90AB382686AA1900625861 /* E_CommerceTests.swift */ = {isa = PBXFileReference; lastKnownFileType = sourcecode.swift; path = E_CommerceTests.swift; sourceTree = "<group>"; };
		7A90AB3A2686AA1900625861 /* Info.plist */ = {isa = PBXFileReference; lastKnownFileType = text.plist.xml; path = Info.plist; sourceTree = "<group>"; };
		7A90AB3F2686AA1900625861 /* E-CommerceUITests.xctest */ = {isa = PBXFileReference; explicitFileType = wrapper.cfbundle; includeInIndex = 0; path = "E-CommerceUITests.xctest"; sourceTree = BUILT_PRODUCTS_DIR; };
		7A90AB432686AA1900625861 /* E_CommerceUITests.swift */ = {isa = PBXFileReference; lastKnownFileType = sourcecode.swift; path = E_CommerceUITests.swift; sourceTree = "<group>"; };
		7A90AB452686AA1900625861 /* Info.plist */ = {isa = PBXFileReference; lastKnownFileType = text.plist.xml; path = Info.plist; sourceTree = "<group>"; };
		7ABBFA7C2686ABDB009E43E4 /* .gitignore */ = {isa = PBXFileReference; lastKnownFileType = text; path = .gitignore; sourceTree = "<group>"; };
		7ABBFA7E2686AC23009E43E4 /* README.md */ = {isa = PBXFileReference; fileEncoding = 4; lastKnownFileType = net.daringfireball.markdown; path = README.md; sourceTree = "<group>"; };
		7F21680A36D208B0CC00AB93 /* Pods-E-Commerce-E-CommerceUITests.release.xcconfig */ = {isa = PBXFileReference; includeInIndex = 1; lastKnownFileType = text.xcconfig; name = "Pods-E-Commerce-E-CommerceUITests.release.xcconfig"; path = "Target Support Files/Pods-E-Commerce-E-CommerceUITests/Pods-E-Commerce-E-CommerceUITests.release.xcconfig"; sourceTree = "<group>"; };
		826DD24F4718A6FA6C17095C /* Pods-E-Commerce.debug.xcconfig */ = {isa = PBXFileReference; includeInIndex = 1; lastKnownFileType = text.xcconfig; name = "Pods-E-Commerce.debug.xcconfig"; path = "Target Support Files/Pods-E-Commerce/Pods-E-Commerce.debug.xcconfig"; sourceTree = "<group>"; };
		85093D79419F991D06ECB496 /* Pods_E_Commerce.framework */ = {isa = PBXFileReference; explicitFileType = wrapper.framework; includeInIndex = 0; path = Pods_E_Commerce.framework; sourceTree = BUILT_PRODUCTS_DIR; };
		A4E51DBDCFF5485611A3740E /* Pods_E_Commerce_E_CommerceUITests.framework */ = {isa = PBXFileReference; explicitFileType = wrapper.framework; includeInIndex = 0; path = Pods_E_Commerce_E_CommerceUITests.framework; sourceTree = BUILT_PRODUCTS_DIR; };
		BFD375343FFDF0ACA175C432 /* Pods-E-Commerce-E-CommerceUITests.debug.xcconfig */ = {isa = PBXFileReference; includeInIndex = 1; lastKnownFileType = text.xcconfig; name = "Pods-E-Commerce-E-CommerceUITests.debug.xcconfig"; path = "Target Support Files/Pods-E-Commerce-E-CommerceUITests/Pods-E-Commerce-E-CommerceUITests.debug.xcconfig"; sourceTree = "<group>"; };
/* End PBXFileReference section */

/* Begin PBXFrameworksBuildPhase section */
		7A90AB182686AA1800625861 /* Frameworks */ = {
			isa = PBXFrameworksBuildPhase;
			buildActionMask = 2147483647;
			files = (
				8C87C3BCD8327A97F8BBD561 /* Pods_E_Commerce.framework in Frameworks */,
			);
			runOnlyForDeploymentPostprocessing = 0;
		};
		7A90AB312686AA1900625861 /* Frameworks */ = {
			isa = PBXFrameworksBuildPhase;
			buildActionMask = 2147483647;
			files = (
				BCB219184E1651F32D898E7A /* Pods_E_CommerceTests.framework in Frameworks */,
			);
			runOnlyForDeploymentPostprocessing = 0;
		};
		7A90AB3C2686AA1900625861 /* Frameworks */ = {
			isa = PBXFrameworksBuildPhase;
			buildActionMask = 2147483647;
			files = (
				29215B1F1D338A9682DA9FA1 /* Pods_E_Commerce_E_CommerceUITests.framework in Frameworks */,
			);
			runOnlyForDeploymentPostprocessing = 0;
		};
/* End PBXFrameworksBuildPhase section */

/* Begin PBXGroup section */
		7A90AB122686AA1800625861 = {
			isa = PBXGroup;
			children = (
				7ABBFA7E2686AC23009E43E4 /* README.md */,
				7ABBFA7C2686ABDB009E43E4 /* .gitignore */,
				7A90AB1D2686AA1800625861 /* E-Commerce */,
				7A90AB372686AA1900625861 /* E-CommerceTests */,
				7A90AB422686AA1900625861 /* E-CommerceUITests */,
				7A90AB1C2686AA1800625861 /* Products */,
				FD2473E13CCE4436AB8BC650 /* Pods */,
				F9BB95FA0B2EF85043910AD3 /* Frameworks */,
			);
			sourceTree = "<group>";
		};
		7A90AB1C2686AA1800625861 /* Products */ = {
			isa = PBXGroup;
			children = (
				7A90AB1B2686AA1800625861 /* E-Commerce.app */,
				7A90AB342686AA1900625861 /* E-CommerceTests.xctest */,
				7A90AB3F2686AA1900625861 /* E-CommerceUITests.xctest */,
			);
			name = Products;
			sourceTree = "<group>";
		};
		7A90AB1D2686AA1800625861 /* E-Commerce */ = {
			isa = PBXGroup;
			children = (
				7A90AB1E2686AA1800625861 /* AppDelegate.swift */,
				7A90AB202686AA1800625861 /* SceneDelegate.swift */,
				7A90AB222686AA1800625861 /* ViewController.swift */,
				7A90AB242686AA1800625861 /* Main.storyboard */,
				7A90AB2A2686AA1900625861 /* Assets.xcassets */,
				7A90AB2C2686AA1900625861 /* LaunchScreen.storyboard */,
				7A90AB2F2686AA1900625861 /* Info.plist */,
				7A90AB272686AA1800625861 /* E_Commerce.xcdatamodeld */,
			);
			path = "E-Commerce";
			sourceTree = "<group>";
		};
		7A90AB372686AA1900625861 /* E-CommerceTests */ = {
			isa = PBXGroup;
			children = (
				7A90AB382686AA1900625861 /* E_CommerceTests.swift */,
				7A90AB3A2686AA1900625861 /* Info.plist */,
			);
			path = "E-CommerceTests";
			sourceTree = "<group>";
		};
		7A90AB422686AA1900625861 /* E-CommerceUITests */ = {
			isa = PBXGroup;
			children = (
				7A90AB432686AA1900625861 /* E_CommerceUITests.swift */,
				7A90AB452686AA1900625861 /* Info.plist */,
			);
			path = "E-CommerceUITests";
			sourceTree = "<group>";
		};
		F9BB95FA0B2EF85043910AD3 /* Frameworks */ = {
			isa = PBXGroup;
			children = (
				85093D79419F991D06ECB496 /* Pods_E_Commerce.framework */,
				A4E51DBDCFF5485611A3740E /* Pods_E_Commerce_E_CommerceUITests.framework */,
				77A6B53BB7061627BEE5D7EF /* Pods_E_CommerceTests.framework */,
			);
			name = Frameworks;
			sourceTree = "<group>";
		};
		FD2473E13CCE4436AB8BC650 /* Pods */ = {
			isa = PBXGroup;
			children = (
				826DD24F4718A6FA6C17095C /* Pods-E-Commerce.debug.xcconfig */,
				5971A02F0769A87166BAB5C7 /* Pods-E-Commerce.release.xcconfig */,
				BFD375343FFDF0ACA175C432 /* Pods-E-Commerce-E-CommerceUITests.debug.xcconfig */,
				7F21680A36D208B0CC00AB93 /* Pods-E-Commerce-E-CommerceUITests.release.xcconfig */,
				47EBCF40C7109D2990B5108C /* Pods-E-CommerceTests.debug.xcconfig */,
				65591EDCBA1B5D8B403097F2 /* Pods-E-CommerceTests.release.xcconfig */,
			);
			name = Pods;
			path = Pods;
			sourceTree = "<group>";
		};
/* End PBXGroup section */

/* Begin PBXNativeTarget section */
		7A90AB1A2686AA1800625861 /* E-Commerce */ = {
			isa = PBXNativeTarget;
			buildConfigurationList = 7A90AB482686AA1900625861 /* Build configuration list for PBXNativeTarget "E-Commerce" */;
			buildPhases = (
				D1132E907CE2BCB75CE96849 /* [CP] Check Pods Manifest.lock */,
				7A90AB172686AA1800625861 /* Sources */,
				7A90AB182686AA1800625861 /* Frameworks */,
				7A90AB192686AA1800625861 /* Resources */,
				33EC6938D2782B102FEF4364 /* [CP] Embed Pods Frameworks */,
				D4217CB6FD951AE3BC87DE69 /* [CP] Copy Pods Resources */,
			);
			buildRules = (
			);
			dependencies = (
			);
			name = "E-Commerce";
			productName = "E-Commerce";
			productReference = 7A90AB1B2686AA1800625861 /* E-Commerce.app */;
			productType = "com.apple.product-type.application";
		};
		7A90AB332686AA1900625861 /* E-CommerceTests */ = {
			isa = PBXNativeTarget;
			buildConfigurationList = 7A90AB4B2686AA1900625861 /* Build configuration list for PBXNativeTarget "E-CommerceTests" */;
			buildPhases = (
				F0D501C49E6BA3D91121F3C3 /* [CP] Check Pods Manifest.lock */,
				7A90AB302686AA1900625861 /* Sources */,
				7A90AB312686AA1900625861 /* Frameworks */,
				7A90AB322686AA1900625861 /* Resources */,
			);
			buildRules = (
			);
			dependencies = (
				7A90AB362686AA1900625861 /* PBXTargetDependency */,
			);
			name = "E-CommerceTests";
			productName = "E-CommerceTests";
			productReference = 7A90AB342686AA1900625861 /* E-CommerceTests.xctest */;
			productType = "com.apple.product-type.bundle.unit-test";
		};
		7A90AB3E2686AA1900625861 /* E-CommerceUITests */ = {
			isa = PBXNativeTarget;
			buildConfigurationList = 7A90AB4E2686AA1900625861 /* Build configuration list for PBXNativeTarget "E-CommerceUITests" */;
			buildPhases = (
				6762CD5677A4AD8927149D18 /* [CP] Check Pods Manifest.lock */,
				7A90AB3B2686AA1900625861 /* Sources */,
				7A90AB3C2686AA1900625861 /* Frameworks */,
				7A90AB3D2686AA1900625861 /* Resources */,
				6F30F25883B652C04726D7B0 /* [CP] Embed Pods Frameworks */,
				A6C129CFDC3E49A756DB9FFF /* [CP] Copy Pods Resources */,
			);
			buildRules = (
			);
			dependencies = (
				7A90AB412686AA1900625861 /* PBXTargetDependency */,
			);
			name = "E-CommerceUITests";
			productName = "E-CommerceUITests";
			productReference = 7A90AB3F2686AA1900625861 /* E-CommerceUITests.xctest */;
			productType = "com.apple.product-type.bundle.ui-testing";
		};
/* End PBXNativeTarget section */

/* Begin PBXProject section */
		7A90AB132686AA1800625861 /* Project object */ = {
			isa = PBXProject;
			attributes = {
				LastSwiftUpdateCheck = 1250;
				LastUpgradeCheck = 1250;
				TargetAttributes = {
					7A90AB1A2686AA1800625861 = {
						CreatedOnToolsVersion = 12.5.1;
					};
					7A90AB332686AA1900625861 = {
						CreatedOnToolsVersion = 12.5.1;
						TestTargetID = 7A90AB1A2686AA1800625861;
					};
					7A90AB3E2686AA1900625861 = {
						CreatedOnToolsVersion = 12.5.1;
						TestTargetID = 7A90AB1A2686AA1800625861;
					};
				};
			};
			buildConfigurationList = 7A90AB162686AA1800625861 /* Build configuration list for PBXProject "E-Commerce" */;
			compatibilityVersion = "Xcode 9.3";
			developmentRegion = en;
			hasScannedForEncodings = 0;
			knownRegions = (
				en,
				Base,
			);
			mainGroup = 7A90AB122686AA1800625861;
			productRefGroup = 7A90AB1C2686AA1800625861 /* Products */;
			projectDirPath = "";
			projectRoot = "";
			targets = (
				7A90AB1A2686AA1800625861 /* E-Commerce */,
				7A90AB332686AA1900625861 /* E-CommerceTests */,
				7A90AB3E2686AA1900625861 /* E-CommerceUITests */,
			);
		};
/* End PBXProject section */

/* Begin PBXResourcesBuildPhase section */
		7A90AB192686AA1800625861 /* Resources */ = {
			isa = PBXResourcesBuildPhase;
			buildActionMask = 2147483647;
			files = (
				7ABBFA7D2686ABDB009E43E4 /* .gitignore in Resources */,
				7A90AB2E2686AA1900625861 /* LaunchScreen.storyboard in Resources */,
				7ABBFA7F2686AC24009E43E4 /* README.md in Resources */,
				7A90AB2B2686AA1900625861 /* Assets.xcassets in Resources */,
				7A90AB262686AA1800625861 /* Main.storyboard in Resources */,
			);
			runOnlyForDeploymentPostprocessing = 0;
		};
		7A90AB322686AA1900625861 /* Resources */ = {
			isa = PBXResourcesBuildPhase;
			buildActionMask = 2147483647;
			files = (
			);
			runOnlyForDeploymentPostprocessing = 0;
		};
		7A90AB3D2686AA1900625861 /* Resources */ = {
			isa = PBXResourcesBuildPhase;
			buildActionMask = 2147483647;
			files = (
			);
			runOnlyForDeploymentPostprocessing = 0;
		};
/* End PBXResourcesBuildPhase section */

/* Begin PBXShellScriptBuildPhase section */
		33EC6938D2782B102FEF4364 /* [CP] Embed Pods Frameworks */ = {
			isa = PBXShellScriptBuildPhase;
			buildActionMask = 2147483647;
			files = (
			);
			inputFileListPaths = (
				"${PODS_ROOT}/Target Support Files/Pods-E-Commerce/Pods-E-Commerce-frameworks-${CONFIGURATION}-input-files.xcfilelist",
			);
			name = "[CP] Embed Pods Frameworks";
			outputFileListPaths = (
				"${PODS_ROOT}/Target Support Files/Pods-E-Commerce/Pods-E-Commerce-frameworks-${CONFIGURATION}-output-files.xcfilelist",
			);
			runOnlyForDeploymentPostprocessing = 0;
			shellPath = /bin/sh;
			shellScript = "\"${PODS_ROOT}/Target Support Files/Pods-E-Commerce/Pods-E-Commerce-frameworks.sh\"\n";
			showEnvVarsInLog = 0;
		};
		6762CD5677A4AD8927149D18 /* [CP] Check Pods Manifest.lock */ = {
			isa = PBXShellScriptBuildPhase;
			buildActionMask = 2147483647;
			files = (
			);
			inputFileListPaths = (
			);
			inputPaths = (
				"${PODS_PODFILE_DIR_PATH}/Podfile.lock",
				"${PODS_ROOT}/Manifest.lock",
			);
			name = "[CP] Check Pods Manifest.lock";
			outputFileListPaths = (
			);
			outputPaths = (
				"$(DERIVED_FILE_DIR)/Pods-E-Commerce-E-CommerceUITests-checkManifestLockResult.txt",
			);
			runOnlyForDeploymentPostprocessing = 0;
			shellPath = /bin/sh;
			shellScript = "diff \"${PODS_PODFILE_DIR_PATH}/Podfile.lock\" \"${PODS_ROOT}/Manifest.lock\" > /dev/null\nif [ $? != 0 ] ; then\n    # print error to STDERR\n    echo \"error: The sandbox is not in sync with the Podfile.lock. Run 'pod install' or update your CocoaPods installation.\" >&2\n    exit 1\nfi\n# This output is used by Xcode 'outputs' to avoid re-running this script phase.\necho \"SUCCESS\" > \"${SCRIPT_OUTPUT_FILE_0}\"\n";
			showEnvVarsInLog = 0;
		};
		6F30F25883B652C04726D7B0 /* [CP] Embed Pods Frameworks */ = {
			isa = PBXShellScriptBuildPhase;
			buildActionMask = 2147483647;
			files = (
			);
			inputFileListPaths = (
				"${PODS_ROOT}/Target Support Files/Pods-E-Commerce-E-CommerceUITests/Pods-E-Commerce-E-CommerceUITests-frameworks-${CONFIGURATION}-input-files.xcfilelist",
			);
			name = "[CP] Embed Pods Frameworks";
			outputFileListPaths = (
				"${PODS_ROOT}/Target Support Files/Pods-E-Commerce-E-CommerceUITests/Pods-E-Commerce-E-CommerceUITests-frameworks-${CONFIGURATION}-output-files.xcfilelist",
			);
			runOnlyForDeploymentPostprocessing = 0;
			shellPath = /bin/sh;
			shellScript = "\"${PODS_ROOT}/Target Support Files/Pods-E-Commerce-E-CommerceUITests/Pods-E-Commerce-E-CommerceUITests-frameworks.sh\"\n";
			showEnvVarsInLog = 0;
		};
		A6C129CFDC3E49A756DB9FFF /* [CP] Copy Pods Resources */ = {
			isa = PBXShellScriptBuildPhase;
			buildActionMask = 2147483647;
			files = (
			);
			inputFileListPaths = (
				"${PODS_ROOT}/Target Support Files/Pods-E-Commerce-E-CommerceUITests/Pods-E-Commerce-E-CommerceUITests-resources-${CONFIGURATION}-input-files.xcfilelist",
			);
			name = "[CP] Copy Pods Resources";
			outputFileListPaths = (
				"${PODS_ROOT}/Target Support Files/Pods-E-Commerce-E-CommerceUITests/Pods-E-Commerce-E-CommerceUITests-resources-${CONFIGURATION}-output-files.xcfilelist",
			);
			runOnlyForDeploymentPostprocessing = 0;
			shellPath = /bin/sh;
			shellScript = "\"${PODS_ROOT}/Target Support Files/Pods-E-Commerce-E-CommerceUITests/Pods-E-Commerce-E-CommerceUITests-resources.sh\"\n";
			showEnvVarsInLog = 0;
		};
		D1132E907CE2BCB75CE96849 /* [CP] Check Pods Manifest.lock */ = {
			isa = PBXShellScriptBuildPhase;
			buildActionMask = 2147483647;
			files = (
			);
			inputFileListPaths = (
			);
			inputPaths = (
				"${PODS_PODFILE_DIR_PATH}/Podfile.lock",
				"${PODS_ROOT}/Manifest.lock",
			);
			name = "[CP] Check Pods Manifest.lock";
			outputFileListPaths = (
			);
			outputPaths = (
				"$(DERIVED_FILE_DIR)/Pods-E-Commerce-checkManifestLockResult.txt",
			);
			runOnlyForDeploymentPostprocessing = 0;
			shellPath = /bin/sh;
			shellScript = "diff \"${PODS_PODFILE_DIR_PATH}/Podfile.lock\" \"${PODS_ROOT}/Manifest.lock\" > /dev/null\nif [ $? != 0 ] ; then\n    # print error to STDERR\n    echo \"error: The sandbox is not in sync with the Podfile.lock. Run 'pod install' or update your CocoaPods installation.\" >&2\n    exit 1\nfi\n# This output is used by Xcode 'outputs' to avoid re-running this script phase.\necho \"SUCCESS\" > \"${SCRIPT_OUTPUT_FILE_0}\"\n";
			showEnvVarsInLog = 0;
		};
		D4217CB6FD951AE3BC87DE69 /* [CP] Copy Pods Resources */ = {
			isa = PBXShellScriptBuildPhase;
			buildActionMask = 2147483647;
			files = (
			);
			inputFileListPaths = (
				"${PODS_ROOT}/Target Support Files/Pods-E-Commerce/Pods-E-Commerce-resources-${CONFIGURATION}-input-files.xcfilelist",
			);
			name = "[CP] Copy Pods Resources";
			outputFileListPaths = (
				"${PODS_ROOT}/Target Support Files/Pods-E-Commerce/Pods-E-Commerce-resources-${CONFIGURATION}-output-files.xcfilelist",
			);
			runOnlyForDeploymentPostprocessing = 0;
			shellPath = /bin/sh;
			shellScript = "\"${PODS_ROOT}/Target Support Files/Pods-E-Commerce/Pods-E-Commerce-resources.sh\"\n";
			showEnvVarsInLog = 0;
		};
		F0D501C49E6BA3D91121F3C3 /* [CP] Check Pods Manifest.lock */ = {
			isa = PBXShellScriptBuildPhase;
			buildActionMask = 2147483647;
			files = (
			);
			inputFileListPaths = (
			);
			inputPaths = (
				"${PODS_PODFILE_DIR_PATH}/Podfile.lock",
				"${PODS_ROOT}/Manifest.lock",
			);
			name = "[CP] Check Pods Manifest.lock";
			outputFileListPaths = (
			);
			outputPaths = (
				"$(DERIVED_FILE_DIR)/Pods-E-CommerceTests-checkManifestLockResult.txt",
			);
			runOnlyForDeploymentPostprocessing = 0;
			shellPath = /bin/sh;
			shellScript = "diff \"${PODS_PODFILE_DIR_PATH}/Podfile.lock\" \"${PODS_ROOT}/Manifest.lock\" > /dev/null\nif [ $? != 0 ] ; then\n    # print error to STDERR\n    echo \"error: The sandbox is not in sync with the Podfile.lock. Run 'pod install' or update your CocoaPods installation.\" >&2\n    exit 1\nfi\n# This output is used by Xcode 'outputs' to avoid re-running this script phase.\necho \"SUCCESS\" > \"${SCRIPT_OUTPUT_FILE_0}\"\n";
			showEnvVarsInLog = 0;
		};
/* End PBXShellScriptBuildPhase section */

/* Begin PBXSourcesBuildPhase section */
		7A90AB172686AA1800625861 /* Sources */ = {
			isa = PBXSourcesBuildPhase;
			buildActionMask = 2147483647;
			files = (
				7A90AB232686AA1800625861 /* ViewController.swift in Sources */,
				7A90AB1F2686AA1800625861 /* AppDelegate.swift in Sources */,
				7A90AB292686AA1800625861 /* E_Commerce.xcdatamodeld in Sources */,
				7A90AB212686AA1800625861 /* SceneDelegate.swift in Sources */,
			);
			runOnlyForDeploymentPostprocessing = 0;
		};
		7A90AB302686AA1900625861 /* Sources */ = {
			isa = PBXSourcesBuildPhase;
			buildActionMask = 2147483647;
			files = (
				7A90AB392686AA1900625861 /* E_CommerceTests.swift in Sources */,
			);
			runOnlyForDeploymentPostprocessing = 0;
		};
		7A90AB3B2686AA1900625861 /* Sources */ = {
			isa = PBXSourcesBuildPhase;
			buildActionMask = 2147483647;
			files = (
				7A90AB442686AA1900625861 /* E_CommerceUITests.swift in Sources */,
			);
			runOnlyForDeploymentPostprocessing = 0;
		};
/* End PBXSourcesBuildPhase section */

/* Begin PBXTargetDependency section */
		7A90AB362686AA1900625861 /* PBXTargetDependency */ = {
			isa = PBXTargetDependency;
			target = 7A90AB1A2686AA1800625861 /* E-Commerce */;
			targetProxy = 7A90AB352686AA1900625861 /* PBXContainerItemProxy */;
		};
		7A90AB412686AA1900625861 /* PBXTargetDependency */ = {
			isa = PBXTargetDependency;
			target = 7A90AB1A2686AA1800625861 /* E-Commerce */;
			targetProxy = 7A90AB402686AA1900625861 /* PBXContainerItemProxy */;
		};
/* End PBXTargetDependency section */

/* Begin PBXVariantGroup section */
		7A90AB242686AA1800625861 /* Main.storyboard */ = {
			isa = PBXVariantGroup;
			children = (
				7A90AB252686AA1800625861 /* Base */,
			);
			name = Main.storyboard;
			sourceTree = "<group>";
		};
		7A90AB2C2686AA1900625861 /* LaunchScreen.storyboard */ = {
			isa = PBXVariantGroup;
			children = (
				7A90AB2D2686AA1900625861 /* Base */,
			);
			name = LaunchScreen.storyboard;
			sourceTree = "<group>";
		};
/* End PBXVariantGroup section */

/* Begin XCBuildConfiguration section */
		7A90AB462686AA1900625861 /* Debug */ = {
			isa = XCBuildConfiguration;
			buildSettings = {
				ALWAYS_SEARCH_USER_PATHS = NO;
				CLANG_ANALYZER_NONNULL = YES;
				CLANG_ANALYZER_NUMBER_OBJECT_CONVERSION = YES_AGGRESSIVE;
				CLANG_CXX_LANGUAGE_STANDARD = "gnu++14";
				CLANG_CXX_LIBRARY = "libc++";
				CLANG_ENABLE_MODULES = YES;
				CLANG_ENABLE_OBJC_ARC = YES;
				CLANG_ENABLE_OBJC_WEAK = YES;
				CLANG_WARN_BLOCK_CAPTURE_AUTORELEASING = YES;
				CLANG_WARN_BOOL_CONVERSION = YES;
				CLANG_WARN_COMMA = YES;
				CLANG_WARN_CONSTANT_CONVERSION = YES;
				CLANG_WARN_DEPRECATED_OBJC_IMPLEMENTATIONS = YES;
				CLANG_WARN_DIRECT_OBJC_ISA_USAGE = YES_ERROR;
				CLANG_WARN_DOCUMENTATION_COMMENTS = YES;
				CLANG_WARN_EMPTY_BODY = YES;
				CLANG_WARN_ENUM_CONVERSION = YES;
				CLANG_WARN_INFINITE_RECURSION = YES;
				CLANG_WARN_INT_CONVERSION = YES;
				CLANG_WARN_NON_LITERAL_NULL_CONVERSION = YES;
				CLANG_WARN_OBJC_IMPLICIT_RETAIN_SELF = YES;
				CLANG_WARN_OBJC_LITERAL_CONVERSION = YES;
				CLANG_WARN_OBJC_ROOT_CLASS = YES_ERROR;
				CLANG_WARN_QUOTED_INCLUDE_IN_FRAMEWORK_HEADER = YES;
				CLANG_WARN_RANGE_LOOP_ANALYSIS = YES;
				CLANG_WARN_STRICT_PROTOTYPES = YES;
				CLANG_WARN_SUSPICIOUS_MOVE = YES;
				CLANG_WARN_UNGUARDED_AVAILABILITY = YES_AGGRESSIVE;
				CLANG_WARN_UNREACHABLE_CODE = YES;
				CLANG_WARN__DUPLICATE_METHOD_MATCH = YES;
				COPY_PHASE_STRIP = NO;
				DEBUG_INFORMATION_FORMAT = dwarf;
				ENABLE_STRICT_OBJC_MSGSEND = YES;
				ENABLE_TESTABILITY = YES;
				GCC_C_LANGUAGE_STANDARD = gnu11;
				GCC_DYNAMIC_NO_PIC = NO;
				GCC_NO_COMMON_BLOCKS = YES;
				GCC_OPTIMIZATION_LEVEL = 0;
				GCC_PREPROCESSOR_DEFINITIONS = (
					"DEBUG=1",
					"$(inherited)",
				);
				GCC_WARN_64_TO_32_BIT_CONVERSION = YES;
				GCC_WARN_ABOUT_RETURN_TYPE = YES_ERROR;
				GCC_WARN_UNDECLARED_SELECTOR = YES;
				GCC_WARN_UNINITIALIZED_AUTOS = YES_AGGRESSIVE;
				GCC_WARN_UNUSED_FUNCTION = YES;
				GCC_WARN_UNUSED_VARIABLE = YES;
				IPHONEOS_DEPLOYMENT_TARGET = 14.5;
				MTL_ENABLE_DEBUG_INFO = INCLUDE_SOURCE;
				MTL_FAST_MATH = YES;
				ONLY_ACTIVE_ARCH = YES;
				SDKROOT = iphoneos;
				SWIFT_ACTIVE_COMPILATION_CONDITIONS = DEBUG;
				SWIFT_OPTIMIZATION_LEVEL = "-Onone";
			};
			name = Debug;
		};
		7A90AB472686AA1900625861 /* Release */ = {
			isa = XCBuildConfiguration;
			buildSettings = {
				ALWAYS_SEARCH_USER_PATHS = NO;
				CLANG_ANALYZER_NONNULL = YES;
				CLANG_ANALYZER_NUMBER_OBJECT_CONVERSION = YES_AGGRESSIVE;
				CLANG_CXX_LANGUAGE_STANDARD = "gnu++14";
				CLANG_CXX_LIBRARY = "libc++";
				CLANG_ENABLE_MODULES = YES;
				CLANG_ENABLE_OBJC_ARC = YES;
				CLANG_ENABLE_OBJC_WEAK = YES;
				CLANG_WARN_BLOCK_CAPTURE_AUTORELEASING = YES;
				CLANG_WARN_BOOL_CONVERSION = YES;
				CLANG_WARN_COMMA = YES;
				CLANG_WARN_CONSTANT_CONVERSION = YES;
				CLANG_WARN_DEPRECATED_OBJC_IMPLEMENTATIONS = YES;
				CLANG_WARN_DIRECT_OBJC_ISA_USAGE = YES_ERROR;
				CLANG_WARN_DOCUMENTATION_COMMENTS = YES;
				CLANG_WARN_EMPTY_BODY = YES;
				CLANG_WARN_ENUM_CONVERSION = YES;
				CLANG_WARN_INFINITE_RECURSION = YES;
				CLANG_WARN_INT_CONVERSION = YES;
				CLANG_WARN_NON_LITERAL_NULL_CONVERSION = YES;
				CLANG_WARN_OBJC_IMPLICIT_RETAIN_SELF = YES;
				CLANG_WARN_OBJC_LITERAL_CONVERSION = YES;
				CLANG_WARN_OBJC_ROOT_CLASS = YES_ERROR;
				CLANG_WARN_QUOTED_INCLUDE_IN_FRAMEWORK_HEADER = YES;
				CLANG_WARN_RANGE_LOOP_ANALYSIS = YES;
				CLANG_WARN_STRICT_PROTOTYPES = YES;
				CLANG_WARN_SUSPICIOUS_MOVE = YES;
				CLANG_WARN_UNGUARDED_AVAILABILITY = YES_AGGRESSIVE;
				CLANG_WARN_UNREACHABLE_CODE = YES;
				CLANG_WARN__DUPLICATE_METHOD_MATCH = YES;
				COPY_PHASE_STRIP = NO;
				DEBUG_INFORMATION_FORMAT = "dwarf-with-dsym";
				ENABLE_NS_ASSERTIONS = NO;
				ENABLE_STRICT_OBJC_MSGSEND = YES;
				GCC_C_LANGUAGE_STANDARD = gnu11;
				GCC_NO_COMMON_BLOCKS = YES;
				GCC_WARN_64_TO_32_BIT_CONVERSION = YES;
				GCC_WARN_ABOUT_RETURN_TYPE = YES_ERROR;
				GCC_WARN_UNDECLARED_SELECTOR = YES;
				GCC_WARN_UNINITIALIZED_AUTOS = YES_AGGRESSIVE;
				GCC_WARN_UNUSED_FUNCTION = YES;
				GCC_WARN_UNUSED_VARIABLE = YES;
				IPHONEOS_DEPLOYMENT_TARGET = 14.5;
				MTL_ENABLE_DEBUG_INFO = NO;
				MTL_FAST_MATH = YES;
				SDKROOT = iphoneos;
				SWIFT_COMPILATION_MODE = wholemodule;
				SWIFT_OPTIMIZATION_LEVEL = "-O";
				VALIDATE_PRODUCT = YES;
			};
			name = Release;
		};
		7A90AB492686AA1900625861 /* Debug */ = {
			isa = XCBuildConfiguration;
			baseConfigurationReference = 826DD24F4718A6FA6C17095C /* Pods-E-Commerce.debug.xcconfig */;
			buildSettings = {
				ASSETCATALOG_COMPILER_APPICON_NAME = AppIcon;
				ASSETCATALOG_COMPILER_GLOBAL_ACCENT_COLOR_NAME = AccentColor;
				CODE_SIGN_STYLE = Automatic;
				DEVELOPMENT_TEAM = 497N7524MA;
				INFOPLIST_FILE = "E-Commerce/Info.plist";
				LD_RUNPATH_SEARCH_PATHS = (
					"$(inherited)",
					"@executable_path/Frameworks",
				);
				PRODUCT_BUNDLE_IDENTIFIER = "com.williamsantoso.E-Commerce";
				PRODUCT_NAME = "$(TARGET_NAME)";
				SWIFT_VERSION = 5.0;
				TARGETED_DEVICE_FAMILY = "1,2";
			};
			name = Debug;
		};
		7A90AB4A2686AA1900625861 /* Release */ = {
			isa = XCBuildConfiguration;
			baseConfigurationReference = 5971A02F0769A87166BAB5C7 /* Pods-E-Commerce.release.xcconfig */;
			buildSettings = {
				ASSETCATALOG_COMPILER_APPICON_NAME = AppIcon;
				ASSETCATALOG_COMPILER_GLOBAL_ACCENT_COLOR_NAME = AccentColor;
				CODE_SIGN_STYLE = Automatic;
				DEVELOPMENT_TEAM = 497N7524MA;
				INFOPLIST_FILE = "E-Commerce/Info.plist";
				LD_RUNPATH_SEARCH_PATHS = (
					"$(inherited)",
					"@executable_path/Frameworks",
				);
				PRODUCT_BUNDLE_IDENTIFIER = "com.williamsantoso.E-Commerce";
				PRODUCT_NAME = "$(TARGET_NAME)";
				SWIFT_VERSION = 5.0;
				TARGETED_DEVICE_FAMILY = "1,2";
			};
			name = Release;
		};
		7A90AB4C2686AA1900625861 /* Debug */ = {
			isa = XCBuildConfiguration;
			baseConfigurationReference = 47EBCF40C7109D2990B5108C /* Pods-E-CommerceTests.debug.xcconfig */;
			buildSettings = {
				ALWAYS_EMBED_SWIFT_STANDARD_LIBRARIES = YES;
				BUNDLE_LOADER = "$(TEST_HOST)";
				CODE_SIGN_STYLE = Automatic;
				DEVELOPMENT_TEAM = 497N7524MA;
				INFOPLIST_FILE = "E-CommerceTests/Info.plist";
				IPHONEOS_DEPLOYMENT_TARGET = 14.5;
				LD_RUNPATH_SEARCH_PATHS = (
					"$(inherited)",
					"@executable_path/Frameworks",
					"@loader_path/Frameworks",
				);
				PRODUCT_BUNDLE_IDENTIFIER = "com.williamsantoso.E-CommerceTests";
				PRODUCT_NAME = "$(TARGET_NAME)";
				SWIFT_VERSION = 5.0;
				TARGETED_DEVICE_FAMILY = "1,2";
				TEST_HOST = "$(BUILT_PRODUCTS_DIR)/E-Commerce.app/E-Commerce";
			};
			name = Debug;
		};
		7A90AB4D2686AA1900625861 /* Release */ = {
			isa = XCBuildConfiguration;
			baseConfigurationReference = 65591EDCBA1B5D8B403097F2 /* Pods-E-CommerceTests.release.xcconfig */;
			buildSettings = {
				ALWAYS_EMBED_SWIFT_STANDARD_LIBRARIES = YES;
				BUNDLE_LOADER = "$(TEST_HOST)";
				CODE_SIGN_STYLE = Automatic;
				DEVELOPMENT_TEAM = 497N7524MA;
				INFOPLIST_FILE = "E-CommerceTests/Info.plist";
				IPHONEOS_DEPLOYMENT_TARGET = 14.5;
				LD_RUNPATH_SEARCH_PATHS = (
					"$(inherited)",
					"@executable_path/Frameworks",
					"@loader_path/Frameworks",
				);
				PRODUCT_BUNDLE_IDENTIFIER = "com.williamsantoso.E-CommerceTests";
				PRODUCT_NAME = "$(TARGET_NAME)";
				SWIFT_VERSION = 5.0;
				TARGETED_DEVICE_FAMILY = "1,2";
				TEST_HOST = "$(BUILT_PRODUCTS_DIR)/E-Commerce.app/E-Commerce";
			};
			name = Release;
		};
		7A90AB4F2686AA1900625861 /* Debug */ = {
			isa = XCBuildConfiguration;
			baseConfigurationReference = BFD375343FFDF0ACA175C432 /* Pods-E-Commerce-E-CommerceUITests.debug.xcconfig */;
			buildSettings = {
				ALWAYS_EMBED_SWIFT_STANDARD_LIBRARIES = YES;
				CODE_SIGN_STYLE = Automatic;
				DEVELOPMENT_TEAM = 497N7524MA;
				INFOPLIST_FILE = "E-CommerceUITests/Info.plist";
				LD_RUNPATH_SEARCH_PATHS = (
					"$(inherited)",
					"@executable_path/Frameworks",
					"@loader_path/Frameworks",
				);
				PRODUCT_BUNDLE_IDENTIFIER = "com.williamsantoso.E-CommerceUITests";
				PRODUCT_NAME = "$(TARGET_NAME)";
				SWIFT_VERSION = 5.0;
				TARGETED_DEVICE_FAMILY = "1,2";
				TEST_TARGET_NAME = "E-Commerce";
			};
			name = Debug;
		};
		7A90AB502686AA1900625861 /* Release */ = {
			isa = XCBuildConfiguration;
			baseConfigurationReference = 7F21680A36D208B0CC00AB93 /* Pods-E-Commerce-E-CommerceUITests.release.xcconfig */;
			buildSettings = {
				ALWAYS_EMBED_SWIFT_STANDARD_LIBRARIES = YES;
				CODE_SIGN_STYLE = Automatic;
				DEVELOPMENT_TEAM = 497N7524MA;
				INFOPLIST_FILE = "E-CommerceUITests/Info.plist";
				LD_RUNPATH_SEARCH_PATHS = (
					"$(inherited)",
					"@executable_path/Frameworks",
					"@loader_path/Frameworks",
				);
				PRODUCT_BUNDLE_IDENTIFIER = "com.williamsantoso.E-CommerceUITests";
				PRODUCT_NAME = "$(TARGET_NAME)";
				SWIFT_VERSION = 5.0;
				TARGETED_DEVICE_FAMILY = "1,2";
				TEST_TARGET_NAME = "E-Commerce";
			};
			name = Release;
		};
/* End XCBuildConfiguration section */

/* Begin XCConfigurationList section */
		7A90AB162686AA1800625861 /* Build configuration list for PBXProject "E-Commerce" */ = {
			isa = XCConfigurationList;
			buildConfigurations = (
				7A90AB462686AA1900625861 /* Debug */,
				7A90AB472686AA1900625861 /* Release */,
			);
			defaultConfigurationIsVisible = 0;
			defaultConfigurationName = Release;
		};
		7A90AB482686AA1900625861 /* Build configuration list for PBXNativeTarget "E-Commerce" */ = {
			isa = XCConfigurationList;
			buildConfigurations = (
				7A90AB492686AA1900625861 /* Debug */,
				7A90AB4A2686AA1900625861 /* Release */,
			);
			defaultConfigurationIsVisible = 0;
			defaultConfigurationName = Release;
		};
		7A90AB4B2686AA1900625861 /* Build configuration list for PBXNativeTarget "E-CommerceTests" */ = {
			isa = XCConfigurationList;
			buildConfigurations = (
				7A90AB4C2686AA1900625861 /* Debug */,
				7A90AB4D2686AA1900625861 /* Release */,
			);
			defaultConfigurationIsVisible = 0;
			defaultConfigurationName = Release;
		};
		7A90AB4E2686AA1900625861 /* Build configuration list for PBXNativeTarget "E-CommerceUITests" */ = {
			isa = XCConfigurationList;
			buildConfigurations = (
				7A90AB4F2686AA1900625861 /* Debug */,
				7A90AB502686AA1900625861 /* Release */,
			);
			defaultConfigurationIsVisible = 0;
			defaultConfigurationName = Release;
		};
/* End XCConfigurationList section */

/* Begin XCVersionGroup section */
		7A90AB272686AA1800625861 /* E_Commerce.xcdatamodeld */ = {
			isa = XCVersionGroup;
			children = (
				7A90AB282686AA1800625861 /* E_Commerce.xcdatamodel */,
			);
			currentVersion = 7A90AB282686AA1800625861 /* E_Commerce.xcdatamodel */;
			path = E_Commerce.xcdatamodeld;
			sourceTree = "<group>";
			versionGroupType = wrapper.xcdatamodel;
		};
/* End XCVersionGroup section */
	};
	rootObject = 7A90AB132686AA1800625861 /* Project object */;
}
